{
    "_readme": [
        "This file locks the dependencies of your project to a known state",
        "Read more about it at https://getcomposer.org/doc/01-basic-usage.md#installing-dependencies",
        "This file is @generated automatically"
    ],
    "content-hash": "2bc5fac348fe54d0c2a07803e971067a",
    "packages": [
        {
            "name": "kartik-v/yii2-editors",
            "version": "dev-master",
            "source": {
                "type": "git",
                "url": "https://github.com/kartik-v/yii2-editors.git",
                "reference": "529cff31afda936ac5c98d7f9c53bb01c4452419"
            },
            "dist": {
                "type": "zip",
                "url": "https://api.github.com/repos/kartik-v/yii2-editors/zipball/529cff31afda936ac5c98d7f9c53bb01c4452419",
                "reference": "529cff31afda936ac5c98d7f9c53bb01c4452419",
                "shasum": ""
            },
            "require": {
                "kartik-v/yii2-krajee-base": ">=3.0.0"
            },
            "default-branch": true,
            "type": "yii2-extension",
            "extra": {
                "branch-alias": {
                    "dev-master": "1.0.x-dev"
                }
            },
            "autoload": {
                "psr-4": {
                    "kartik\\editors\\": "src"
                }
            },
            "notification-url": "https://packagist.org/downloads/",
            "license": [
                "BSD-3-Clause"
            ],
            "authors": [
                {
                    "name": "Kartik Visweswaran",
                    "email": "kartikv2@gmail.com",
                    "homepage": "http://www.krajee.com/"
                }
            ],
            "description": "Editor widgets Yii2 framework. Summernote WYSIWYG editor, Codemirror code editor and PlainText editor for Bootstrap 3.x, 4.x and 5.x.",
            "homepage": "https://github.com/kartik-v/yii2-editors",
            "keywords": [
                "bootstrap",
                "code",
                "codemirror",
                "editor",
                "extension",
                "file",
                "html",
                "input",
                "rich",
                "summernote",
                "widget",
                "wysiwyg",
                "yii2"
            ],
            "support": {
                "issues": "https://github.com/kartik-v/yii2-editors/issues",
                "source": "https://github.com/kartik-v/yii2-editors/tree/v1.0.1"
            },
            "time": "2021-09-03T07:40:00+00:00"
        },
        {
            "name": "kartik-v/yii2-krajee-base",
            "version": "v3.0.5",
            "source": {
                "type": "git",
                "url": "https://github.com/kartik-v/yii2-krajee-base.git",
                "reference": "5c095126d1be47e0bb1f92779b7dc099f6feae31"
            },
            "dist": {
                "type": "zip",
                "url": "https://api.github.com/repos/kartik-v/yii2-krajee-base/zipball/5c095126d1be47e0bb1f92779b7dc099f6feae31",
                "reference": "5c095126d1be47e0bb1f92779b7dc099f6feae31",
                "shasum": ""
            },
            "suggest": {
                "yiisoft/yii2-bootstrap": "for Krajee extensions to work with Bootstrap 3.x version",
                "yiisoft/yii2-bootstrap4": "for Krajee extensions to work with Bootstrap 4.x version",
                "yiisoft/yii2-bootstrap5": "for Krajee extensions to work with Bootstrap 5.x version"
            },
            "type": "yii2-extension",
            "extra": {
                "branch-alias": {
                    "dev-master": "3.0.x-dev"
                }
            },
            "autoload": {
                "psr-4": {
                    "kartik\\base\\": "src"
                }
            },
            "notification-url": "https://packagist.org/downloads/",
            "license": [
                "BSD-3-Clause"
            ],
            "authors": [
                {
                    "name": "Kartik Visweswaran",
                    "email": "kartikv2@gmail.com",
                    "homepage": "http://www.krajee.com/"
                }
            ],
            "description": "Base library and foundation components for all Yii2 Krajee extensions.",
            "homepage": "https://github.com/kartik-v/yii2-krajee-base",
            "keywords": [
                "base",
                "extension",
                "foundation",
                "krajee",
                "widget",
                "yii2"
            ],
            "support": {
                "issues": "https://github.com/kartik-v/yii2-krajee-base/issues",
                "source": "https://github.com/kartik-v/yii2-krajee-base/tree/v3.0.5"
            },
            "time": "2022-06-01T14:05:39+00:00"
        }
    ],
    "packages-dev": [],
    "aliases": [],
    "minimum-stability": "stable",
    "stability-flags": {
        "kartik-v/yii2-editors": 20
    },
    "prefer-stable": false,
    "prefer-lowest": false,
    "platform": [],
    "platform-dev": [],
    "plugin-api-version": "2.6.0"
}
